
Microsoft Visual Studio Solution File, Format Version 12.00
# Visual Studio Version 17
VisualStudioVersion = 17.7.34018.315
MinimumVisualStudioVersion = 10.0.40219.1
Project("{2150E333-8FDC-42A3-9474-1A3956D46DE8}") = "src", "src", "{4663D6D1-0AE7-477A-BA58-567DA30805B4}"
EndProject
Project("{2150E333-8FDC-42A3-9474-1A3956D46DE8}") = "Api", "Api", "{E4B7E41C-CB5C-426A-A1BF-9B7A3CDB1C4F}"
EndProject
Project("{2150E333-8FDC-42A3-9474-1A3956D46DE8}") = "Core", "Core", "{CB91B7F9-672D-4ED5-8B9F-58B087593927}"
EndProject
Project("{2150E333-8FDC-42A3-9474-1A3956D46DE8}") = "External", "External", "{5BE38022-5DEE-4298-B24F-055ACF63B095}"
EndProject
Project("{FAE04EC0-301F-11D3-BF4B-00C04F79EFBC}") = "Whiskey.Api", "Whiskey.Api\Whiskey.Api.csproj", "{2DDCC07E-428A-40B6-95C1-AB45438C81E4}"
EndProject
Project("{FAE04EC0-301F-11D3-BF4B-00C04F79EFBC}") = "Whiskey.Domain", "Whiskey.Domain\Whiskey.Domain.csproj", "{A2AA957C-71CF-4A92-976E-06D6C927A7AD}"
EndProject
Project("{FAE04EC0-301F-11D3-BF4B-00C04F79EFBC}") = "Whiskey.Application", "Whiskey.Application\Whiskey.Application.csproj", "{17788834-BAFF-49F5-9C9C-714AD65CA087}"
EndProject
Project("{FAE04EC0-301F-11D3-BF4B-00C04F79EFBC}") = "Whiskey.Data", "Whiskey.Data\Whiskey.Data.csproj", "{FD8C30BB-1A06-4CDF-92D3-07C7AF66EEBA}"
EndProject
Project("{FAE04EC0-301F-11D3-BF4B-00C04F79EFBC}") = "Whiskey.IoC", "Whiskey.IoC\Whiskey.IoC.csproj", "{E8D3F264-D3C1-4A17-9A77-9BFED5436FD7}"
EndProject
Global
	GlobalSection(SolutionConfigurationPlatforms) = preSolution
		Debug|Any CPU = Debug|Any CPU
		Release|Any CPU = Release|Any CPU
	EndGlobalSection
	GlobalSection(ProjectConfigurationPlatforms) = postSolution
		{2DDCC07E-428A-40B6-95C1-AB45438C81E4}.Debug|Any CPU.ActiveCfg = Debug|Any CPU
		{2DDCC07E-428A-40B6-95C1-AB45438C81E4}.Debug|Any CPU.Build.0 = Debug|Any CPU
		{2DDCC07E-428A-40B6-95C1-AB45438C81E4}.Release|Any CPU.ActiveCfg = Release|Any CPU
		{2DDCC07E-428A-40B6-95C1-AB45438C81E4}.Release|Any CPU.Build.0 = Release|Any CPU
		{A2AA957C-71CF-4A92-976E-06D6C927A7AD}.Debug|Any CPU.ActiveCfg = Debug|Any CPU
		{A2AA957C-71CF-4A92-976E-06D6C927A7AD}.Debug|Any CPU.Build.0 = Debug|Any CPU
		{A2AA957C-71CF-4A92-976E-06D6C927A7AD}.Release|Any CPU.ActiveCfg = Release|Any CPU
		{A2AA957C-71CF-4A92-976E-06D6C927A7AD}.Release|Any CPU.Build.0 = Release|Any CPU
		{17788834-BAFF-49F5-9C9C-714AD65CA087}.Debug|Any CPU.ActiveCfg = Debug|Any CPU
		{17788834-BAFF-49F5-9C9C-714AD65CA087}.Debug|Any CPU.Build.0 = Debug|Any CPU
		{17788834-BAFF-49F5-9C9C-714AD65CA087}.Release|Any CPU.ActiveCfg = Release|Any CPU
		{17788834-BAFF-49F5-9C9C-714AD65CA087}.Release|Any CPU.Build.0 = Release|Any CPU
		{FD8C30BB-1A06-4CDF-92D3-07C7AF66EEBA}.Debug|Any CPU.ActiveCfg = Debug|Any CPU
		{FD8C30BB-1A06-4CDF-92D3-07C7AF66EEBA}.Debug|Any CPU.Build.0 = Debug|Any CPU
		{FD8C30BB-1A06-4CDF-92D3-07C7AF66EEBA}.Release|Any CPU.ActiveCfg = Release|Any CPU
		{FD8C30BB-1A06-4CDF-92D3-07C7AF66EEBA}.Release|Any CPU.Build.0 = Release|Any CPU
		{E8D3F264-D3C1-4A17-9A77-9BFED5436FD7}.Debug|Any CPU.ActiveCfg = Debug|Any CPU
		{E8D3F264-D3C1-4A17-9A77-9BFED5436FD7}.Debug|Any CPU.Build.0 = Debug|Any CPU
		{E8D3F264-D3C1-4A17-9A77-9BFED5436FD7}.Release|Any CPU.ActiveCfg = Release|Any CPU
		{E8D3F264-D3C1-4A17-9A77-9BFED5436FD7}.Release|Any CPU.Build.0 = Release|Any CPU
	EndGlobalSection
	GlobalSection(SolutionProperties) = preSolution
		HideSolutionNode = FALSE
	EndGlobalSection
	GlobalSection(NestedProjects) = preSolution
		{E4B7E41C-CB5C-426A-A1BF-9B7A3CDB1C4F} = {4663D6D1-0AE7-477A-BA58-567DA30805B4}
		{CB91B7F9-672D-4ED5-8B9F-58B087593927} = {4663D6D1-0AE7-477A-BA58-567DA30805B4}
		{5BE38022-5DEE-4298-B24F-055ACF63B095} = {4663D6D1-0AE7-477A-BA58-567DA30805B4}
		{2DDCC07E-428A-40B6-95C1-AB45438C81E4} = {E4B7E41C-CB5C-426A-A1BF-9B7A3CDB1C4F}
		{A2AA957C-71CF-4A92-976E-06D6C927A7AD} = {CB91B7F9-672D-4ED5-8B9F-58B087593927}
		{17788834-BAFF-49F5-9C9C-714AD65CA087} = {CB91B7F9-672D-4ED5-8B9F-58B087593927}
		{FD8C30BB-1A06-4CDF-92D3-07C7AF66EEBA} = {5BE38022-5DEE-4298-B24F-055ACF63B095}
		{E8D3F264-D3C1-4A17-9A77-9BFED5436FD7} = {5BE38022-5DEE-4298-B24F-055ACF63B095}
	EndGlobalSection
	GlobalSection(ExtensibilityGlobals) = postSolution
		SolutionGuid = {4DAB03C8-4CDD-4E13-9AD7-E441126C3CD7}
	EndGlobalSection
EndGlobal
